// !$*UTF8*$!
{
	archiveVersion = 1;
	classes = {
	};
	objectVersion = 46;
	objects = {

/* Begin PBXBuildFile section */
		7985B9441E5BF1C800C100E7 /* CopyOnWrite.framework in Frameworks */ = {isa = PBXBuildFile; fileRef = 7985B93A1E5BF1C800C100E7 /* CopyOnWrite.framework */; };
		7985B9491E5BF1C800C100E7 /* CopyOnWriteTests.swift in Sources */ = {isa = PBXBuildFile; fileRef = 7985B9481E5BF1C800C100E7 /* CopyOnWriteTests.swift */; };
		7985B94B1E5BF1C800C100E7 /* CopyOnWrite.h in Headers */ = {isa = PBXBuildFile; fileRef = 7985B93D1E5BF1C800C100E7 /* CopyOnWrite.h */; settings = {ATTRIBUTES = (Public, ); }; };
		7985B9581E5BF50700C100E7 /* CopyOnWrite.swift in Sources */ = {isa = PBXBuildFile; fileRef = 7985B9571E5BF50700C100E7 /* CopyOnWrite.swift */; };
		7985B9611E5C0B1400C100E7 /* CopyOnWriteNSMutableCopyingTests.swift in Sources */ = {isa = PBXBuildFile; fileRef = 7985B95F1E5C0B0600C100E7 /* CopyOnWriteNSMutableCopyingTests.swift */; };
		7985B9631E5C0C6800C100E7 /* CopyOnWriteNSCopyingTests.swift in Sources */ = {isa = PBXBuildFile; fileRef = 7985B9621E5C0C6800C100E7 /* CopyOnWriteNSCopyingTests.swift */; };
		7985B9651E5C0FE300C100E7 /* Container.swift in Sources */ = {isa = PBXBuildFile; fileRef = 7985B9641E5C0FE300C100E7 /* Container.swift */; };
		7985B9671E5C103E00C100E7 /* CopyOnWriteCloneableTests.swift in Sources */ = {isa = PBXBuildFile; fileRef = 7985B9661E5C103E00C100E7 /* CopyOnWriteCloneableTests.swift */; };
/* End PBXBuildFile section */

/* Begin PBXContainerItemProxy section */
		7985B9451E5BF1C800C100E7 /* PBXContainerItemProxy */ = {
			isa = PBXContainerItemProxy;
			containerPortal = 7985B9311E5BF1C800C100E7 /* Project object */;
			proxyType = 1;
			remoteGlobalIDString = 7985B9391E5BF1C800C100E7;
			remoteInfo = CopyOnWrite;
		};
/* End PBXContainerItemProxy section */

/* Begin PBXFileReference section */
		7985B93A1E5BF1C800C100E7 /* CopyOnWrite.framework */ = {isa = PBXFileReference; explicitFileType = wrapper.framework; includeInIndex = 0; path = CopyOnWrite.framework; sourceTree = BUILT_PRODUCTS_DIR; };
		7985B93D1E5BF1C800C100E7 /* CopyOnWrite.h */ = {isa = PBXFileReference; lastKnownFileType = sourcecode.c.h; path = CopyOnWrite.h; sourceTree = "<group>"; };
		7985B93E1E5BF1C800C100E7 /* Info.plist */ = {isa = PBXFileReference; lastKnownFileType = text.plist.xml; path = Info.plist; sourceTree = "<group>"; };
		7985B9431E5BF1C800C100E7 /* CopyOnWriteTests.xctest */ = {isa = PBXFileReference; explicitFileType = wrapper.cfbundle; includeInIndex = 0; path = CopyOnWriteTests.xctest; sourceTree = BUILT_PRODUCTS_DIR; };
		7985B9481E5BF1C800C100E7 /* CopyOnWriteTests.swift */ = {isa = PBXFileReference; lastKnownFileType = sourcecode.swift; path = CopyOnWriteTests.swift; sourceTree = "<group>"; };
		7985B94A1E5BF1C800C100E7 /* Info.plist */ = {isa = PBXFileReference; lastKnownFileType = text.plist.xml; path = Info.plist; sourceTree = "<group>"; };
		7985B9551E5BF49300C100E7 /* Package.swift */ = {isa = PBXFileReference; fileEncoding = 4; lastKnownFileType = sourcecode.swift; path = Package.swift; sourceTree = "<group>"; };
		7985B9571E5BF50700C100E7 /* CopyOnWrite.swift */ = {isa = PBXFileReference; fileEncoding = 4; lastKnownFileType = sourcecode.swift; path = CopyOnWrite.swift; sourceTree = "<group>"; };
		7985B9591E5BF60A00C100E7 /* CopyOnWrite.podspec */ = {isa = PBXFileReference; explicitFileType = text.script.ruby; fileEncoding = 4; path = CopyOnWrite.podspec; sourceTree = "<group>"; };
		7985B95B1E5BF63B00C100E7 /* LICENSE */ = {isa = PBXFileReference; fileEncoding = 4; lastKnownFileType = text; path = LICENSE; sourceTree = "<group>"; };
		7985B95C1E5BF63B00C100E7 /* README.md */ = {isa = PBXFileReference; fileEncoding = 4; lastKnownFileType = net.daringfireball.markdown; path = README.md; sourceTree = "<group>"; };
		7985B95F1E5C0B0600C100E7 /* CopyOnWriteNSMutableCopyingTests.swift */ = {isa = PBXFileReference; fileEncoding = 4; lastKnownFileType = sourcecode.swift; path = CopyOnWriteNSMutableCopyingTests.swift; sourceTree = "<group>"; };
		7985B9621E5C0C6800C100E7 /* CopyOnWriteNSCopyingTests.swift */ = {isa = PBXFileReference; fileEncoding = 4; lastKnownFileType = sourcecode.swift; path = CopyOnWriteNSCopyingTests.swift; sourceTree = "<group>"; };
		7985B9641E5C0FE300C100E7 /* Container.swift */ = {isa = PBXFileReference; fileEncoding = 4; lastKnownFileType = sourcecode.swift; path = Container.swift; sourceTree = "<group>"; };
		7985B9661E5C103E00C100E7 /* CopyOnWriteCloneableTests.swift */ = {isa = PBXFileReference; fileEncoding = 4; lastKnownFileType = sourcecode.swift; path = CopyOnWriteCloneableTests.swift; sourceTree = "<group>"; };
		7985B9681E5C164A00C100E7 /* .travis.yml */ = {isa = PBXFileReference; lastKnownFileType = text; path = .travis.yml; sourceTree = "<group>"; };
		7985B9691E5C17E600C100E7 /* .swift-version */ = {isa = PBXFileReference; fileEncoding = 4; lastKnownFileType = text; path = ".swift-version"; sourceTree = "<group>"; };
/* End PBXFileReference section */

/* Begin PBXFrameworksBuildPhase section */
		7985B9361E5BF1C800C100E7 /* Frameworks */ = {
			isa = PBXFrameworksBuildPhase;
			buildActionMask = 2147483647;
			files = (
			);
			runOnlyForDeploymentPostprocessing = 0;
		};
		7985B9401E5BF1C800C100E7 /* Frameworks */ = {
			isa = PBXFrameworksBuildPhase;
			buildActionMask = 2147483647;
			files = (
				7985B9441E5BF1C800C100E7 /* CopyOnWrite.framework in Frameworks */,
			);
			runOnlyForDeploymentPostprocessing = 0;
		};
/* End PBXFrameworksBuildPhase section */

/* Begin PBXGroup section */
		7985B9301E5BF1C800C100E7 = {
			isa = PBXGroup;
			children = (
				7985B93C1E5BF1C800C100E7 /* Sources */,
				7985B9471E5BF1C800C100E7 /* CopyOnWriteTests */,
				7985B9541E5BF48600C100E7 /* Distribution */,
				7985B93B1E5BF1C800C100E7 /* Products */,
			);
			sourceTree = "<group>";
		};
		7985B93B1E5BF1C800C100E7 /* Products */ = {
			isa = PBXGroup;
			children = (
				7985B93A1E5BF1C800C100E7 /* CopyOnWrite.framework */,
				7985B9431E5BF1C800C100E7 /* CopyOnWriteTests.xctest */,
			);
			name = Products;
			sourceTree = "<group>";
		};
		7985B93C1E5BF1C800C100E7 /* Sources */ = {
			isa = PBXGroup;
			children = (
				7985B93D1E5BF1C800C100E7 /* CopyOnWrite.h */,
				7985B9571E5BF50700C100E7 /* CopyOnWrite.swift */,
				7985B93E1E5BF1C800C100E7 /* Info.plist */,
			);
			path = Sources;
			sourceTree = "<group>";
		};
		7985B9471E5BF1C800C100E7 /* CopyOnWriteTests */ = {
			isa = PBXGroup;
			children = (
				7985B9641E5C0FE300C100E7 /* Container.swift */,
				7985B9661E5C103E00C100E7 /* CopyOnWriteCloneableTests.swift */,
				7985B9621E5C0C6800C100E7 /* CopyOnWriteNSCopyingTests.swift */,
				7985B95F1E5C0B0600C100E7 /* CopyOnWriteNSMutableCopyingTests.swift */,
				7985B9481E5BF1C800C100E7 /* CopyOnWriteTests.swift */,
				7985B94A1E5BF1C800C100E7 /* Info.plist */,
			);
			name = CopyOnWriteTests;
			path = Tests/CopyOnWriteTests;
			sourceTree = "<group>";
		};
		7985B9541E5BF48600C100E7 /* Distribution */ = {
			isa = PBXGroup;
			children = (
				7985B9691E5C17E600C100E7 /* .swift-version */,
				7985B9681E5C164A00C100E7 /* .travis.yml */,
				7985B9591E5BF60A00C100E7 /* CopyOnWrite.podspec */,
				7985B95B1E5BF63B00C100E7 /* LICENSE */,
				7985B9551E5BF49300C100E7 /* Package.swift */,
				7985B95C1E5BF63B00C100E7 /* README.md */,
			);
			name = Distribution;
			sourceTree = "<group>";
		};
/* End PBXGroup section */

/* Begin PBXHeadersBuildPhase section */
		7985B9371E5BF1C800C100E7 /* Headers */ = {
			isa = PBXHeadersBuildPhase;
			buildActionMask = 2147483647;
			files = (
				7985B94B1E5BF1C800C100E7 /* CopyOnWrite.h in Headers */,
			);
			runOnlyForDeploymentPostprocessing = 0;
		};
/* End PBXHeadersBuildPhase section */

/* Begin PBXNativeTarget section */
		7985B9391E5BF1C800C100E7 /* CopyOnWrite */ = {
			isa = PBXNativeTarget;
			buildConfigurationList = 7985B94E1E5BF1C800C100E7 /* Build configuration list for PBXNativeTarget "CopyOnWrite" */;
			buildPhases = (
				7985B9351E5BF1C800C100E7 /* Sources */,
				7985B9361E5BF1C800C100E7 /* Frameworks */,
				7985B9371E5BF1C800C100E7 /* Headers */,
				7985B9381E5BF1C800C100E7 /* Resources */,
			);
			buildRules = (
			);
			dependencies = (
			);
			name = CopyOnWrite;
			productName = CopyOnWrite;
			productReference = 7985B93A1E5BF1C800C100E7 /* CopyOnWrite.framework */;
			productType = "com.apple.product-type.framework";
		};
		7985B9421E5BF1C800C100E7 /* CopyOnWriteTests */ = {
			isa = PBXNativeTarget;
			buildConfigurationList = 7985B9511E5BF1C800C100E7 /* Build configuration list for PBXNativeTarget "CopyOnWriteTests" */;
			buildPhases = (
				7985B93F1E5BF1C800C100E7 /* Sources */,
				7985B9401E5BF1C800C100E7 /* Frameworks */,
				7985B9411E5BF1C800C100E7 /* Resources */,
			);
			buildRules = (
			);
			dependencies = (
				7985B9461E5BF1C800C100E7 /* PBXTargetDependency */,
			);
			name = CopyOnWriteTests;
			productName = CopyOnWriteTests;
			productReference = 7985B9431E5BF1C800C100E7 /* CopyOnWriteTests.xctest */;
			productType = "com.apple.product-type.bundle.unit-test";
		};
/* End PBXNativeTarget section */

/* Begin PBXProject section */
		7985B9311E5BF1C800C100E7 /* Project object */ = {
			isa = PBXProject;
			attributes = {
				LastSwiftUpdateCheck = 0820;
				LastUpgradeCheck = 0820;
				ORGANIZATIONNAME = "Kevin Lundberg";
				TargetAttributes = {
					7985B9391E5BF1C800C100E7 = {
						CreatedOnToolsVersion = 8.2.1;
						LastSwiftMigration = 0820;
						ProvisioningStyle = Manual;
					};
					7985B9421E5BF1C800C100E7 = {
						CreatedOnToolsVersion = 8.2.1;
						ProvisioningStyle = Automatic;
					};
				};
			};
			buildConfigurationList = 7985B9341E5BF1C800C100E7 /* Build configuration list for PBXProject "CopyOnWrite" */;
			compatibilityVersion = "Xcode 3.2";
			developmentRegion = English;
			hasScannedForEncodings = 0;
			knownRegions = (
				en,
			);
			mainGroup = 7985B9301E5BF1C800C100E7;
			productRefGroup = 7985B93B1E5BF1C800C100E7 /* Products */;
			projectDirPath = "";
			projectRoot = "";
			targets = (
				7985B9391E5BF1C800C100E7 /* CopyOnWrite */,
				7985B9421E5BF1C800C100E7 /* CopyOnWriteTests */,
			);
		};
/* End PBXProject section */

/* Begin PBXResourcesBuildPhase section */
		7985B9381E5BF1C800C100E7 /* Resources */ = {
			isa = PBXResourcesBuildPhase;
			buildActionMask = 2147483647;
			files = (
			);
			runOnlyForDeploymentPostprocessing = 0;
		};
		7985B9411E5BF1C800C100E7 /* Resources */ = {
			isa = PBXResourcesBuildPhase;
			buildActionMask = 2147483647;
			files = (
			);
			runOnlyForDeploymentPostprocessing = 0;
		};
/* End PBXResourcesBuildPhase section */

/* Begin PBXSourcesBuildPhase section */
		7985B9351E5BF1C800C100E7 /* Sources */ = {
			isa = PBXSourcesBuildPhase;
			buildActionMask = 2147483647;
			files = (
				7985B9581E5BF50700C100E7 /* CopyOnWrite.swift in Sources */,
			);
			runOnlyForDeploymentPostprocessing = 0;
		};
		7985B93F1E5BF1C800C100E7 /* Sources */ = {
			isa = PBXSourcesBuildPhase;
			buildActionMask = 2147483647;
			files = (
				7985B9491E5BF1C800C100E7 /* CopyOnWriteTests.swift in Sources */,
				7985B9651E5C0FE300C100E7 /* Container.swift in Sources */,
				7985B9611E5C0B1400C100E7 /* CopyOnWriteNSMutableCopyingTests.swift in Sources */,
				7985B9631E5C0C6800C100E7 /* CopyOnWriteNSCopyingTests.swift in Sources */,
				7985B9671E5C103E00C100E7 /* CopyOnWriteCloneableTests.swift in Sources */,
			);
			runOnlyForDeploymentPostprocessing = 0;
		};
/* End PBXSourcesBuildPhase section */

/* Begin PBXTargetDependency section */
		7985B9461E5BF1C800C100E7 /* PBXTargetDependency */ = {
			isa = PBXTargetDependency;
			target = 7985B9391E5BF1C800C100E7 /* CopyOnWrite */;
			targetProxy = 7985B9451E5BF1C800C100E7 /* PBXContainerItemProxy */;
		};
/* End PBXTargetDependency section */

/* Begin XCBuildConfiguration section */
		7985B94C1E5BF1C800C100E7 /* Debug */ = {
			isa = XCBuildConfiguration;
			buildSettings = {
				ALWAYS_SEARCH_USER_PATHS = NO;
				CLANG_ANALYZER_NONNULL = YES;
				CLANG_CXX_LANGUAGE_STANDARD = "gnu++0x";
				CLANG_CXX_LIBRARY = "libc++";
				CLANG_ENABLE_MODULES = YES;
				CLANG_ENABLE_OBJC_ARC = YES;
				CLANG_WARN_BOOL_CONVERSION = YES;
				CLANG_WARN_CONSTANT_CONVERSION = YES;
				CLANG_WARN_DIRECT_OBJC_ISA_USAGE = YES_ERROR;
				CLANG_WARN_DOCUMENTATION_COMMENTS = YES;
				CLANG_WARN_EMPTY_BODY = YES;
				CLANG_WARN_ENUM_CONVERSION = YES;
				CLANG_WARN_INFINITE_RECURSION = YES;
				CLANG_WARN_INT_CONVERSION = YES;
				CLANG_WARN_OBJC_ROOT_CLASS = YES_ERROR;
				CLANG_WARN_SUSPICIOUS_MOVE = YES;
				CLANG_WARN_UNREACHABLE_CODE = YES;
				CLANG_WARN__DUPLICATE_METHOD_MATCH = YES;
				CODE_SIGN_IDENTITY = "-";
				COPY_PHASE_STRIP = NO;
				CURRENT_PROJECT_VERSION = 1;
				DEBUG_INFORMATION_FORMAT = dwarf;
				ENABLE_STRICT_OBJC_MSGSEND = YES;
				ENABLE_TESTABILITY = YES;
				GCC_C_LANGUAGE_STANDARD = gnu99;
				GCC_DYNAMIC_NO_PIC = NO;
				GCC_NO_COMMON_BLOCKS = YES;
				GCC_OPTIMIZATION_LEVEL = 0;
				GCC_PREPROCESSOR_DEFINITIONS = (
					"DEBUG=1",
					"$(inherited)",
				);
				GCC_WARN_64_TO_32_BIT_CONVERSION = YES;
				GCC_WARN_ABOUT_RETURN_TYPE = YES_ERROR;
				GCC_WARN_UNDECLARED_SELECTOR = YES;
				GCC_WARN_UNINITIALIZED_AUTOS = YES_AGGRESSIVE;
				GCC_WARN_UNUSED_FUNCTION = YES;
				GCC_WARN_UNUSED_VARIABLE = YES;
				IPHONEOS_DEPLOYMENT_TARGET = 8.0;
				MACOSX_DEPLOYMENT_TARGET = 10.9;
				MTL_ENABLE_DEBUG_INFO = YES;
				ONLY_ACTIVE_ARCH = YES;
				SDKROOT = macosx;
				SUPPORTED_PLATFORMS = "macosx iphoneos iphonesimulator appletvos appletvsimulator watchos watchsimulator";
				SWIFT_ACTIVE_COMPILATION_CONDITIONS = DEBUG;
				SWIFT_OPTIMIZATION_LEVEL = "-Onone";
				TVOS_DEPLOYMENT_TARGET = 9.0;
				VERSIONING_SYSTEM = "apple-generic";
				VERSION_INFO_PREFIX = "";
				WATCHOS_DEPLOYMENT_TARGET = 2.0;
			};
			name = Debug;
		};
		7985B94D1E5BF1C800C100E7 /* Release */ = {
			isa = XCBuildConfiguration;
			buildSettings = {
				ALWAYS_SEARCH_USER_PATHS = NO;
				CLANG_ANALYZER_NONNULL = YES;
				CLANG_CXX_LANGUAGE_STANDARD = "gnu++0x";
				CLANG_CXX_LIBRARY = "libc++";
				CLANG_ENABLE_MODULES = YES;
				CLANG_ENABLE_OBJC_ARC = YES;
				CLANG_WARN_BOOL_CONVERSION = YES;
				CLANG_WARN_CONSTANT_CONVERSION = YES;
				CLANG_WARN_DIRECT_OBJC_ISA_USAGE = YES_ERROR;
				CLANG_WARN_DOCUMENTATION_COMMENTS = YES;
				CLANG_WARN_EMPTY_BODY = YES;
				CLANG_WARN_ENUM_CONVERSION = YES;
				CLANG_WARN_INFINITE_RECURSION = YES;
				CLANG_WARN_INT_CONVERSION = YES;
				CLANG_WARN_OBJC_ROOT_CLASS = YES_ERROR;
				CLANG_WARN_SUSPICIOUS_MOVE = YES;
				CLANG_WARN_UNREACHABLE_CODE = YES;
				CLANG_WARN__DUPLICATE_METHOD_MATCH = YES;
				CODE_SIGN_IDENTITY = "-";
				COPY_PHASE_STRIP = NO;
				CURRENT_PROJECT_VERSION = 1;
				DEBUG_INFORMATION_FORMAT = "dwarf-with-dsym";
				ENABLE_NS_ASSERTIONS = NO;
				ENABLE_STRICT_OBJC_MSGSEND = YES;
				GCC_C_LANGUAGE_STANDARD = gnu99;
				GCC_NO_COMMON_BLOCKS = YES;
				GCC_WARN_64_TO_32_BIT_CONVERSION = YES;
				GCC_WARN_ABOUT_RETURN_TYPE = YES_ERROR;
				GCC_WARN_UNDECLARED_SELECTOR = YES;
				GCC_WARN_UNINITIALIZED_AUTOS = YES_AGGRESSIVE;
				GCC_WARN_UNUSED_FUNCTION = YES;
				GCC_WARN_UNUSED_VARIABLE = YES;
				IPHONEOS_DEPLOYMENT_TARGET = 8.0;
				MACOSX_DEPLOYMENT_TARGET = 10.9;
				MTL_ENABLE_DEBUG_INFO = NO;
				SDKROOT = macosx;
				SUPPORTED_PLATFORMS = "macosx iphoneos iphonesimulator appletvos appletvsimulator watchos watchsimulator";
				SWIFT_OPTIMIZATION_LEVEL = "-Owholemodule";
				TVOS_DEPLOYMENT_TARGET = 9.0;
				VERSIONING_SYSTEM = "apple-generic";
				VERSION_INFO_PREFIX = "";
				WATCHOS_DEPLOYMENT_TARGET = 2.0;
			};
			name = Release;
		};
		7985B94F1E5BF1C800C100E7 /* Debug */ = {
			isa = XCBuildConfiguration;
			buildSettings = {
				APPLICATION_EXTENSION_API_ONLY = YES;
				CLANG_ENABLE_MODULES = YES;
				CODE_SIGN_IDENTITY = "";
				COMBINE_HIDPI_IMAGES = YES;
				DEFINES_MODULE = YES;
				DEVELOPMENT_TEAM = "";
				DYLIB_COMPATIBILITY_VERSION = 1;
				DYLIB_CURRENT_VERSION = 1;
				DYLIB_INSTALL_NAME_BASE = "@rpath";
				FRAMEWORK_VERSION = A;
				INFOPLIST_FILE = Sources/Info.plist;
				INSTALL_PATH = "$(LOCAL_LIBRARY_DIR)/Frameworks";
				LD_RUNPATH_SEARCH_PATHS = "$(inherited) @executable_path/../Frameworks @executable_path/Frameworks @loader_path/../Frameworks @loader_path/Frameworks";
				PRODUCT_BUNDLE_IDENTIFIER = com.klundberg.CopyOnWrite;
				PRODUCT_NAME = "$(TARGET_NAME)";
				SKIP_INSTALL = YES;
				SWIFT_OPTIMIZATION_LEVEL = "-Onone";
				SWIFT_VERSION = 3.0;
			};
			name = Debug;
		};
		7985B9501E5BF1C800C100E7 /* Release */ = {
			isa = XCBuildConfiguration;
			buildSettings = {
				APPLICATION_EXTENSION_API_ONLY = YES;
				CLANG_ENABLE_MODULES = YES;
				CODE_SIGN_IDENTITY = "";
				COMBINE_HIDPI_IMAGES = YES;
				DEFINES_MODULE = YES;
				DEVELOPMENT_TEAM = "";
				DYLIB_COMPATIBILITY_VERSION = 1;
				DYLIB_CURRENT_VERSION = 1;
				DYLIB_INSTALL_NAME_BASE = "@rpath";
				FRAMEWORK_VERSION = A;
				INFOPLIST_FILE = Sources/Info.plist;
				INSTALL_PATH = "$(LOCAL_LIBRARY_DIR)/Frameworks";
				LD_RUNPATH_SEARCH_PATHS = "$(inherited) @executable_path/../Frameworks @executable_path/Frameworks @loader_path/../Frameworks @loader_path/Frameworks";
				PRODUCT_BUNDLE_IDENTIFIER = com.klundberg.CopyOnWrite;
				PRODUCT_NAME = "$(TARGET_NAME)";
				SKIP_INSTALL = YES;
				SWIFT_VERSION = 3.0;
			};
			name = Release;
		};
		7985B9521E5BF1C800C100E7 /* Debug */ = {
			isa = XCBuildConfiguration;
			buildSettings = {
				ALWAYS_EMBED_SWIFT_STANDARD_LIBRARIES = YES;
				COMBINE_HIDPI_IMAGES = YES;
				INFOPLIST_FILE = Tests/CopyOnWriteTests/Info.plist;
				LD_RUNPATH_SEARCH_PATHS = "$(inherited) @executable_path/../Frameworks @executable_path/Frameworks @loader_path/../Frameworks @loader_path/Frameworks";
				PRODUCT_BUNDLE_IDENTIFIER = com.klundberg.CopyOnWriteTests;
				PRODUCT_NAME = "$(TARGET_NAME)";
				SWIFT_VERSION = 3.0;
			};
			name = Debug;
		};
		7985B9531E5BF1C800C100E7 /* Release */ = {
			isa = XCBuildConfiguration;
			buildSettings = {
				ALWAYS_EMBED_SWIFT_STANDARD_LIBRARIES = YES;
				COMBINE_HIDPI_IMAGES = YES;
				INFOPLIST_FILE = Tests/CopyOnWriteTests/Info.plist;
				LD_RUNPATH_SEARCH_PATHS = "$(inherited) @executable_path/../Frameworks @executable_path/Frameworks @loader_path/../Frameworks @loader_path/Frameworks";
				PRODUCT_BUNDLE_IDENTIFIER = com.klundberg.CopyOnWriteTests;
				PRODUCT_NAME = "$(TARGET_NAME)";
				SWIFT_VERSION = 3.0;
			};
			name = Release;
		};
/* End XCBuildConfiguration section */

/* Begin XCConfigurationList section */
		7985B9341E5BF1C800C100E7 /* Build configuration list for PBXProject "CopyOnWrite" */ = {
			isa = XCConfigurationList;
			buildConfigurations = (
				7985B94C1E5BF1C800C100E7 /* Debug */,
				7985B94D1E5BF1C800C100E7 /* Release */,
			);
			defaultConfigurationIsVisible = 0;
			defaultConfigurationName = Release;
		};
		7985B94E1E5BF1C800C100E7 /* Build configuration list for PBXNativeTarget "CopyOnWrite" */ = {
			isa = XCConfigurationList;
			buildConfigurations = (
				7985B94F1E5BF1C800C100E7 /* Debug */,
				7985B9501E5BF1C800C100E7 /* Release */,
			);
			defaultConfigurationIsVisible = 0;
			defaultConfigurationName = Release;
		};
		7985B9511E5BF1C800C100E7 /* Build configuration list for PBXNativeTarget "CopyOnWriteTests" */ = {
			isa = XCConfigurationList;
			buildConfigurations = (
				7985B9521E5BF1C800C100E7 /* Debug */,
				7985B9531E5BF1C800C100E7 /* Release */,
			);
			defaultConfigurationIsVisible = 0;
			defaultConfigurationName = Release;
		};
/* End XCConfigurationList section */
	};
	rootObject = 7985B9311E5BF1C800C100E7 /* Project object */;
}
